// !$*UTF8*$!
{
	archiveVersion = 1;
	classes = {
	};
	objectVersion = 46;
	objects = {

/* Begin PBXBuildFile section */
		9FD983341C49F9390041D953 /* main.m in Sources */ = {isa = PBXBuildFile; fileRef = 9FD983331C49F9390041D953 /* main.m */; };
		9FD983371C49F9390041D953 /* AppDelegate.m in Sources */ = {isa = PBXBuildFile; fileRef = 9FD983361C49F9390041D953 /* AppDelegate.m */; };
		9FD9833A1C49F9390041D953 /* ViewController.m in Sources */ = {isa = PBXBuildFile; fileRef = 9FD983391C49F9390041D953 /* ViewController.m */; };
		9FD9833F1C49F9390041D953 /* Assets.xcassets in Resources */ = {isa = PBXBuildFile; fileRef = 9FD9833E1C49F9390041D953 /* Assets.xcassets */; };
		9FD9834D1C49F9390041D953 /* TGFaceVIewTests.m in Sources */ = {isa = PBXBuildFile; fileRef = 9FD9834C1C49F9390041D953 /* TGFaceVIewTests.m */; };
		9FD983581C49F9390041D953 /* TGFaceVIewUITests.m in Sources */ = {isa = PBXBuildFile; fileRef = 9FD983571C49F9390041D953 /* TGFaceVIewUITests.m */; };
		9FD9836B1C4A05800041D953 /* TGFaceScrollView.m in Sources */ = {isa = PBXBuildFile; fileRef = 9FD9836A1C4A05800041D953 /* TGFaceScrollView.m */; };
		9FD9836E1C4A0C490041D953 /* TGFaceView.m in Sources */ = {isa = PBXBuildFile; fileRef = 9FD9836D1C4A0C490041D953 /* TGFaceView.m */; };
		9FD983711C4A0C6F0041D953 /* TGFaceUtil.m in Sources */ = {isa = PBXBuildFile; fileRef = 9FD983701C4A0C6F0041D953 /* TGFaceUtil.m */; };
/* End PBXBuildFile section */

/* Begin PBXContainerItemProxy section */
		9FD983491C49F9390041D953 /* PBXContainerItemProxy */ = {
			isa = PBXContainerItemProxy;
			containerPortal = 9FD983271C49F9390041D953 /* Project object */;
			proxyType = 1;
			remoteGlobalIDString = 9FD9832E1C49F9390041D953;
			remoteInfo = TGFaceVIew;
		};
		9FD983541C49F9390041D953 /* PBXContainerItemProxy */ = {
			isa = PBXContainerItemProxy;
			containerPortal = 9FD983271C49F9390041D953 /* Project object */;
			proxyType = 1;
			remoteGlobalIDString = 9FD9832E1C49F9390041D953;
			remoteInfo = TGFaceVIew;
		};
/* End PBXContainerItemProxy section */

/* Begin PBXFileReference section */
		9FD9832F1C49F9390041D953 /* TGFaceVIew.app */ = {isa = PBXFileReference; explicitFileType = wrapper.application; includeInIndex = 0; path = TGFaceVIew.app; sourceTree = BUILT_PRODUCTS_DIR; };
		9FD983331C49F9390041D953 /* main.m */ = {isa = PBXFileReference; lastKnownFileType = sourcecode.c.objc; path = main.m; sourceTree = "<group>"; };
		9FD983351C49F9390041D953 /* AppDelegate.h */ = {isa = PBXFileReference; lastKnownFileType = sourcecode.c.h; path = AppDelegate.h; sourceTree = "<group>"; };
		9FD983361C49F9390041D953 /* AppDelegate.m */ = {isa = PBXFileReference; lastKnownFileType = sourcecode.c.objc; path = AppDelegate.m; sourceTree = "<group>"; };
		9FD983381C49F9390041D953 /* ViewController.h */ = {isa = PBXFileReference; lastKnownFileType = sourcecode.c.h; path = ViewController.h; sourceTree = "<group>"; };
		9FD983391C49F9390041D953 /* ViewController.m */ = {isa = PBXFileReference; lastKnownFileType = sourcecode.c.objc; path = ViewController.m; sourceTree = "<group>"; };
		9FD9833E1C49F9390041D953 /* Assets.xcassets */ = {isa = PBXFileReference; lastKnownFileType = folder.assetcatalog; path = Assets.xcassets; sourceTree = "<group>"; };
		9FD983431C49F9390041D953 /* Info.plist */ = {isa = PBXFileReference; lastKnownFileType = text.plist.xml; path = Info.plist; sourceTree = "<group>"; };
		9FD983481C49F9390041D953 /* TGFaceVIewTests.xctest */ = {isa = PBXFileReference; explicitFileType = wrapper.cfbundle; includeInIndex = 0; path = TGFaceVIewTests.xctest; sourceTree = BUILT_PRODUCTS_DIR; };
		9FD9834C1C49F9390041D953 /* TGFaceVIewTests.m */ = {isa = PBXFileReference; lastKnownFileType = sourcecode.c.objc; path = TGFaceVIewTests.m; sourceTree = "<group>"; };
		9FD9834E1C49F9390041D953 /* Info.plist */ = {isa = PBXFileReference; lastKnownFileType = text.plist.xml; path = Info.plist; sourceTree = "<group>"; };
		9FD983531C49F9390041D953 /* TGFaceVIewUITests.xctest */ = {isa = PBXFileReference; explicitFileType = wrapper.cfbundle; includeInIndex = 0; path = TGFaceVIewUITests.xctest; sourceTree = BUILT_PRODUCTS_DIR; };
		9FD983571C49F9390041D953 /* TGFaceVIewUITests.m */ = {isa = PBXFileReference; lastKnownFileType = sourcecode.c.objc; path = TGFaceVIewUITests.m; sourceTree = "<group>"; };
		9FD983591C49F9390041D953 /* Info.plist */ = {isa = PBXFileReference; lastKnownFileType = text.plist.xml; path = Info.plist; sourceTree = "<group>"; };
		9FD983691C4A05800041D953 /* TGFaceScrollView.h */ = {isa = PBXFileReference; fileEncoding = 4; lastKnownFileType = sourcecode.c.h; name = TGFaceScrollView.h; path = TGFaceView/TGFaceScrollView.h; sourceTree = "<group>"; };
		9FD9836A1C4A05800041D953 /* TGFaceScrollView.m */ = {isa = PBXFileReference; fileEncoding = 4; lastKnownFileType = sourcecode.c.objc; name = TGFaceScrollView.m; path = TGFaceView/TGFaceScrollView.m; sourceTree = "<group>"; };
		9FD9836C1C4A0C490041D953 /* TGFaceView.h */ = {isa = PBXFileReference; fileEncoding = 4; lastKnownFileType = sourcecode.c.h; name = TGFaceView.h; path = TGFaceView/TGFaceView.h; sourceTree = "<group>"; };
		9FD9836D1C4A0C490041D953 /* TGFaceView.m */ = {isa = PBXFileReference; fileEncoding = 4; lastKnownFileType = sourcecode.c.objc; name = TGFaceView.m; path = TGFaceView/TGFaceView.m; sourceTree = "<group>"; };
		9FD9836F1C4A0C6F0041D953 /* TGFaceUtil.h */ = {isa = PBXFileReference; fileEncoding = 4; lastKnownFileType = sourcecode.c.h; name = TGFaceUtil.h; path = TGFaceView/TGFaceUtil.h; sourceTree = "<group>"; };
		9FD983701C4A0C6F0041D953 /* TGFaceUtil.m */ = {isa = PBXFileReference; fileEncoding = 4; lastKnownFileType = sourcecode.c.objc; name = TGFaceUtil.m; path = TGFaceView/TGFaceUtil.m; sourceTree = "<group>"; };
/* End PBXFileReference section */

/* Begin PBXFrameworksBuildPhase section */
		9FD9832C1C49F9390041D953 /* Frameworks */ = {
			isa = PBXFrameworksBuildPhase;
			buildActionMask = 2147483647;
			files = (
			);
			runOnlyForDeploymentPostprocessing = 0;
		};
		9FD983451C49F9390041D953 /* Frameworks */ = {
			isa = PBXFrameworksBuildPhase;
			buildActionMask = 2147483647;
			files = (
			);
			runOnlyForDeploymentPostprocessing = 0;
		};
		9FD983501C49F9390041D953 /* Frameworks */ = {
			isa = PBXFrameworksBuildPhase;
			buildActionMask = 2147483647;
			files = (
			);
			runOnlyForDeploymentPostprocessing = 0;
		};
/* End PBXFrameworksBuildPhase section */

/* Begin PBXGroup section */
		9FD983261C49F9390041D953 = {
			isa = PBXGroup;
			children = (
				9FD983311C49F9390041D953 /* TGFaceVIew */,
				9FD9834B1C49F9390041D953 /* TGFaceVIewTests */,
				9FD983561C49F9390041D953 /* TGFaceVIewUITests */,
				9FD983301C49F9390041D953 /* Products */,
			);
			sourceTree = "<group>";
		};
		9FD983301C49F9390041D953 /* Products */ = {
			isa = PBXGroup;
			children = (
				9FD9832F1C49F9390041D953 /* TGFaceVIew.app */,
				9FD983481C49F9390041D953 /* TGFaceVIewTests.xctest */,
				9FD983531C49F9390041D953 /* TGFaceVIewUITests.xctest */,
			);
			name = Products;
			sourceTree = "<group>";
		};
		9FD983311C49F9390041D953 /* TGFaceVIew */ = {
			isa = PBXGroup;
			children = (
				9FD983651C4A04B40041D953 /* TGFaceView */,
				9FD983351C49F9390041D953 /* AppDelegate.h */,
				9FD983361C49F9390041D953 /* AppDelegate.m */,
				9FD983381C49F9390041D953 /* ViewController.h */,
				9FD983391C49F9390041D953 /* ViewController.m */,
				9FD9833E1C49F9390041D953 /* Assets.xcassets */,
				9FD983431C49F9390041D953 /* Info.plist */,
				9FD983321C49F9390041D953 /* Supporting Files */,
			);
			path = TGFaceVIew;
			sourceTree = "<group>";
		};
		9FD983321C49F9390041D953 /* Supporting Files */ = {
			isa = PBXGroup;
			children = (
				9FD983331C49F9390041D953 /* main.m */,
			);
			name = "Supporting Files";
			sourceTree = "<group>";
		};
		9FD9834B1C49F9390041D953 /* TGFaceVIewTests */ = {
			isa = PBXGroup;
			children = (
				9FD9834C1C49F9390041D953 /* TGFaceVIewTests.m */,
				9FD9834E1C49F9390041D953 /* Info.plist */,
			);
			path = TGFaceVIewTests;
			sourceTree = "<group>";
		};
		9FD983561C49F9390041D953 /* TGFaceVIewUITests */ = {
			isa = PBXGroup;
			children = (
				9FD983571C49F9390041D953 /* TGFaceVIewUITests.m */,
				9FD983591C49F9390041D953 /* Info.plist */,
			);
			path = TGFaceVIewUITests;
			sourceTree = "<group>";
		};
		9FD983651C4A04B40041D953 /* TGFaceView */ = {
			isa = PBXGroup;
			children = (
				9FD983691C4A05800041D953 /* TGFaceScrollView.h */,
				9FD9836A1C4A05800041D953 /* TGFaceScrollView.m */,
				9FD9836C1C4A0C490041D953 /* TGFaceView.h */,
				9FD9836D1C4A0C490041D953 /* TGFaceView.m */,
				9FD9836F1C4A0C6F0041D953 /* TGFaceUtil.h */,
				9FD983701C4A0C6F0041D953 /* TGFaceUtil.m */,
			);
			name = TGFaceView;
			sourceTree = "<group>";
		};
/* End PBXGroup section */

/* Begin PBXNativeTarget section */
		9FD9832E1C49F9390041D953 /* TGFaceVIew */ = {
			isa = PBXNativeTarget;
			buildConfigurationList = 9FD9835C1C49F9390041D953 /* Build configuration list for PBXNativeTarget "TGFaceVIew" */;
			buildPhases = (
				9FD9832B1C49F9390041D953 /* Sources */,
				9FD9832C1C49F9390041D953 /* Frameworks */,
				9FD9832D1C49F9390041D953 /* Resources */,
			);
			buildRules = (
			);
			dependencies = (
			);
			name = TGFaceVIew;
			productName = TGFaceVIew;
			productReference = 9FD9832F1C49F9390041D953 /* TGFaceVIew.app */;
			productType = "com.apple.product-type.application";
		};
		9FD983471C49F9390041D953 /* TGFaceVIewTests */ = {
			isa = PBXNativeTarget;
			buildConfigurationList = 9FD9835F1C49F9390041D953 /* Build configuration list for PBXNativeTarget "TGFaceVIewTests" */;
			buildPhases = (
				9FD983441C49F9390041D953 /* Sources */,
				9FD983451C49F9390041D953 /* Frameworks */,
				9FD983461C49F9390041D953 /* Resources */,
			);
			buildRules = (
			);
			dependencies = (
				9FD9834A1C49F9390041D953 /* PBXTargetDependency */,
			);
			name = TGFaceVIewTests;
			productName = TGFaceVIewTests;
			productReference = 9FD983481C49F9390041D953 /* TGFaceVIewTests.xctest */;
			productType = "com.apple.product-type.bundle.unit-test";
		};
		9FD983521C49F9390041D953 /* TGFaceVIewUITests */ = {
			isa = PBXNativeTarget;
			buildConfigurationList = 9FD983621C49F9390041D953 /* Build configuration list for PBXNativeTarget "TGFaceVIewUITests" */;
			buildPhases = (
				9FD9834F1C49F9390041D953 /* Sources */,
				9FD983501C49F9390041D953 /* Frameworks */,
				9FD983511C49F9390041D953 /* Resources */,
			);
			buildRules = (
			);
			dependencies = (
				9FD983551C49F9390041D953 /* PBXTargetDependency */,
			);
			name = TGFaceVIewUITests;
			productName = TGFaceVIewUITests;
			productReference = 9FD983531C49F9390041D953 /* TGFaceVIewUITests.xctest */;
			productType = "com.apple.product-type.bundle.ui-testing";
		};
/* End PBXNativeTarget section */

/* Begin PBXProject section */
		9FD983271C49F9390041D953 /* Project object */ = {
			isa = PBXProject;
			attributes = {
				LastUpgradeCheck = 0720;
				ORGANIZATIONNAME = "Terwer Green";
				TargetAttributes = {
					9FD9832E1C49F9390041D953 = {
						CreatedOnToolsVersion = 7.2;
						DevelopmentTeam = E6D98R3952;
					};
					9FD983471C49F9390041D953 = {
						CreatedOnToolsVersion = 7.2;
						TestTargetID = 9FD9832E1C49F9390041D953;
					};
					9FD983521C49F9390041D953 = {
						CreatedOnToolsVersion = 7.2;
						TestTargetID = 9FD9832E1C49F9390041D953;
					};
				};
			};
			buildConfigurationList = 9FD9832A1C49F9390041D953 /* Build configuration list for PBXProject "TGFaceVIew" */;
			compatibilityVersion = "Xcode 3.2";
			developmentRegion = English;
			hasScannedForEncodings = 0;
			knownRegions = (
				en,
				Base,
			);
			mainGroup = 9FD983261C49F9390041D953;
			productRefGroup = 9FD983301C49F9390041D953 /* Products */;
			projectDirPath = "";
			projectRoot = "";
			targets = (
				9FD9832E1C49F9390041D953 /* TGFaceVIew */,
				9FD983471C49F9390041D953 /* TGFaceVIewTests */,
				9FD983521C49F9390041D953 /* TGFaceVIewUITests */,
			);
		};
/* End PBXProject section */

/* Begin PBXResourcesBuildPhase section */
		9FD9832D1C49F9390041D953 /* Resources */ = {
			isa = PBXResourcesBuildPhase;
			buildActionMask = 2147483647;
			files = (
				9FD9833F1C49F9390041D953 /* Assets.xcassets in Resources */,
			);
			runOnlyForDeploymentPostprocessing = 0;
		};
		9FD983461C49F9390041D953 /* Resources */ = {
			isa = PBXResourcesBuildPhase;
			buildActionMask = 2147483647;
			files = (
			);
			runOnlyForDeploymentPostprocessing = 0;
		};
		9FD983511C49F9390041D953 /* Resources */ = {
			isa = PBXResourcesBuildPhase;
			buildActionMask = 2147483647;
			files = (
			);
			runOnlyForDeploymentPostprocessing = 0;
		};
/* End PBXResourcesBuildPhase section */

/* Begin PBXSourcesBuildPhase section */
		9FD9832B1C49F9390041D953 /* Sources */ = {
			isa = PBXSourcesBuildPhase;
			buildActionMask = 2147483647;
			files = (
				9FD9836E1C4A0C490041D953 /* TGFaceView.m in Sources */,
				9FD983711C4A0C6F0041D953 /* TGFaceUtil.m in Sources */,
				9FD9833A1C49F9390041D953 /* ViewController.m in Sources */,
				9FD9836B1C4A05800041D953 /* TGFaceScrollView.m in Sources */,
				9FD983371C49F9390041D953 /* AppDelegate.m in Sources */,
				9FD983341C49F9390041D953 /* main.m in Sources */,
			);
			runOnlyForDeploymentPostprocessing = 0;
		};
		9FD983441C49F9390041D953 /* Sources */ = {
			isa = PBXSourcesBuildPhase;
			buildActionMask = 2147483647;
			files = (
				9FD9834D1C49F9390041D953 /* TGFaceVIewTests.m in Sources */,
			);
			runOnlyForDeploymentPostprocessing = 0;
		};
		9FD9834F1C49F9390041D953 /* Sources */ = {
			isa = PBXSourcesBuildPhase;
			buildActionMask = 2147483647;
			files = (
				9FD983581C49F9390041D953 /* TGFaceVIewUITests.m in Sources */,
			);
			runOnlyForDeploymentPostprocessing = 0;
		};
/* End PBXSourcesBuildPhase section */

/* Begin PBXTargetDependency section */
		9FD9834A1C49F9390041D953 /* PBXTargetDependency */ = {
			isa = PBXTargetDependency;
			target = 9FD9832E1C49F9390041D953 /* TGFaceVIew */;
			targetProxy = 9FD983491C49F9390041D953 /* PBXContainerItemProxy */;
		};
		9FD983551C49F9390041D953 /* PBXTargetDependency */ = {
			isa = PBXTargetDependency;
			target = 9FD9832E1C49F9390041D953 /* TGFaceVIew */;
			targetProxy = 9FD983541C49F9390041D953 /* PBXContainerItemProxy */;
		};
/* End PBXTargetDependency section */

/* Begin XCBuildConfiguration section */
		9FD9835A1C49F9390041D953 /* Debug */ = {
			isa = XCBuildConfiguration;
			buildSettings = {
				ALWAYS_SEARCH_USER_PATHS = NO;
				CLANG_CXX_LANGUAGE_STANDARD = "gnu++0x";
				CLANG_CXX_LIBRARY = "libc++";
				CLANG_ENABLE_MODULES = YES;
				CLANG_ENABLE_OBJC_ARC = YES;
				CLANG_WARN_BOOL_CONVERSION = YES;
				CLANG_WARN_CONSTANT_CONVERSION = YES;
				CLANG_WARN_DIRECT_OBJC_ISA_USAGE = YES_ERROR;
				CLANG_WARN_EMPTY_BODY = YES;
				CLANG_WARN_ENUM_CONVERSION = YES;
				CLANG_WARN_INT_CONVERSION = YES;
				CLANG_WARN_OBJC_ROOT_CLASS = YES_ERROR;
				CLANG_WARN_UNREACHABLE_CODE = YES;
				CLANG_WARN__DUPLICATE_METHOD_MATCH = YES;
				"CODE_SIGN_IDENTITY[sdk=iphoneos*]" = "iPhone Developer";
				COPY_PHASE_STRIP = NO;
				DEBUG_INFORMATION_FORMAT = dwarf;
				ENABLE_STRICT_OBJC_MSGSEND = YES;
				ENABLE_TESTABILITY = YES;
				GCC_C_LANGUAGE_STANDARD = gnu99;
				GCC_DYNAMIC_NO_PIC = NO;
				GCC_NO_COMMON_BLOCKS = YES;
				GCC_OPTIMIZATION_LEVEL = 0;
				GCC_PREPROCESSOR_DEFINITIONS = (
					"DEBUG=1",
					"$(inherited)",
				);
				GCC_WARN_64_TO_32_BIT_CONVERSION = YES;
				GCC_WARN_ABOUT_RETURN_TYPE = YES_ERROR;
				GCC_WARN_UNDECLARED_SELECTOR = YES;
				GCC_WARN_UNINITIALIZED_AUTOS = YES_AGGRESSIVE;
				GCC_WARN_UNUSED_FUNCTION = YES;
				GCC_WARN_UNUSED_VARIABLE = YES;
				IPHONEOS_DEPLOYMENT_TARGET = 9.2;
				MTL_ENABLE_DEBUG_INFO = YES;
				ONLY_ACTIVE_ARCH = YES;
				SDKROOT = iphoneos;
			};
			name = Debug;
		};
		9FD9835B1C49F9390041D953 /* Release */ = {
			isa = XCBuildConfiguration;
			buildSettings = {
				ALWAYS_SEARCH_USER_PATHS = NO;
				CLANG_CXX_LANGUAGE_STANDARD = "gnu++0x";
				CLANG_CXX_LIBRARY = "libc++";
				CLANG_ENABLE_MODULES = YES;
				CLANG_ENABLE_OBJC_ARC = YES;
				CLANG_WARN_BOOL_CONVERSION = YES;
				CLANG_WARN_CONSTANT_CONVERSION = YES;
				CLANG_WARN_DIRECT_OBJC_ISA_USAGE = YES_ERROR;
				CLANG_WARN_EMPTY_BODY = YES;
				CLANG_WARN_ENUM_CONVERSION = YES;
				CLANG_WARN_INT_CONVERSION = YES;
				CLANG_WARN_OBJC_ROOT_CLASS = YES_ERROR;
				CLANG_WARN_UNREACHABLE_CODE = YES;
				CLANG_WARN__DUPLICATE_METHOD_MATCH = YES;
				"CODE_SIGN_IDENTITY[sdk=iphoneos*]" = "iPhone Developer";
				COPY_PHASE_STRIP = NO;
				DEBUG_INFORMATION_FORMAT = "dwarf-with-dsym";
				ENABLE_NS_ASSERTIONS = NO;
				ENABLE_STRICT_OBJC_MSGSEND = YES;
				GCC_C_LANGUAGE_STANDARD = gnu99;
				GCC_NO_COMMON_BLOCKS = YES;
				GCC_WARN_64_TO_32_BIT_CONVERSION = YES;
				GCC_WARN_ABOUT_RETURN_TYPE = YES_ERROR;
				GCC_WARN_UNDECLARED_SELECTOR = YES;
				GCC_WARN_UNINITIALIZED_AUTOS = YES_AGGRESSIVE;
				GCC_WARN_UNUSED_FUNCTION = YES;
				GCC_WARN_UNUSED_VARIABLE = YES;
				IPHONEOS_DEPLOYMENT_TARGET = 9.2;
				MTL_ENABLE_DEBUG_INFO = NO;
				SDKROOT = iphoneos;
				VALIDATE_PRODUCT = YES;
			};
			name = Release;
		};
		9FD9835D1C49F9390041D953 /* Debug */ = {
			isa = XCBuildConfiguration;
			buildSettings = {
				ASSETCATALOG_COMPILER_APPICON_NAME = AppIcon;
				CODE_SIGN_IDENTITY = "iPhone Developer";
				INFOPLIST_FILE = TGFaceVIew/Info.plist;
				LD_RUNPATH_SEARCH_PATHS = "$(inherited) @executable_path/Frameworks";
				PRODUCT_BUNDLE_IDENTIFIER = com.terwer.TGFaceVIew;
				PRODUCT_NAME = "$(TARGET_NAME)";
				TARGETED_DEVICE_FAMILY = 1;
			};
			name = Debug;
		};
		9FD9835E1C49F9390041D953 /* Release */ = {
			isa = XCBuildConfiguration;
			buildSettings = {
				ASSETCATALOG_COMPILER_APPICON_NAME = AppIcon;
				CODE_SIGN_IDENTITY = "iPhone Developer";
				INFOPLIST_FILE = TGFaceVIew/Info.plist;
				LD_RUNPATH_SEARCH_PATHS = "$(inherited) @executable_path/Frameworks";
				PRODUCT_BUNDLE_IDENTIFIER = com.terwer.TGFaceVIew;
				PRODUCT_NAME = "$(TARGET_NAME)";
				TARGETED_DEVICE_FAMILY = 1;
			};
			name = Release;
		};
		9FD983601C49F9390041D953 /* Debug */ = {
			isa = XCBuildConfiguration;
			buildSettings = {
				BUNDLE_LOADER = "$(TEST_HOST)";
				INFOPLIST_FILE = TGFaceVIewTests/Info.plist;
				LD_RUNPATH_SEARCH_PATHS = "$(inherited) @executable_path/Frameworks @loader_path/Frameworks";
				PRODUCT_BUNDLE_IDENTIFIER = com.terwer.TGFaceVIewTests;
				PRODUCT_NAME = "$(TARGET_NAME)";
				TEST_HOST = "$(BUILT_PRODUCTS_DIR)/TGFaceVIew.app/TGFaceVIew";
			};
			name = Debug;
		};
		9FD983611C49F9390041D953 /* Release */ = {
			isa = XCBuildConfiguration;
			buildSettings = {
				BUNDLE_LOADER = "$(TEST_HOST)";
				INFOPLIST_FILE = TGFaceVIewTests/Info.plist;
				LD_RUNPATH_SEARCH_PATHS = "$(inherited) @executable_path/Frameworks @loader_path/Frameworks";
				PRODUCT_BUNDLE_IDENTIFIER = com.terwer.TGFaceVIewTests;
				PRODUCT_NAME = "$(TARGET_NAME)";
				TEST_HOST = "$(BUILT_PRODUCTS_DIR)/TGFaceVIew.app/TGFaceVIew";
			};
			name = Release;
		};
		9FD983631C49F9390041D953 /* Debug */ = {
			isa = XCBuildConfiguration;
			buildSettings = {
				INFOPLIST_FILE = TGFaceVIewUITests/Info.plist;
				LD_RUNPATH_SEARCH_PATHS = "$(inherited) @executable_path/Frameworks @loader_path/Frameworks";
				PRODUCT_BUNDLE_IDENTIFIER = com.terwer.TGFaceVIewUITests;
				PRODUCT_NAME = "$(TARGET_NAME)";
				TEST_TARGET_NAME = TGFaceVIew;
				USES_XCTRUNNER = YES;
			};
			name = Debug;
		};
		9FD983641C49F9390041D953 /* Release */ = {
			isa = XCBuildConfiguration;
			buildSettings = {
				INFOPLIST_FILE = TGFaceVIewUITests/Info.plist;
				LD_RUNPATH_SEARCH_PATHS = "$(inherited) @executable_path/Frameworks @loader_path/Frameworks";
				PRODUCT_BUNDLE_IDENTIFIER = com.terwer.TGFaceVIewUITests;
				PRODUCT_NAME = "$(TARGET_NAME)";
				TEST_TARGET_NAME = TGFaceVIew;
				USES_XCTRUNNER = YES;
			};
			name = Release;
		};
/* End XCBuildConfiguration section */

/* Begin XCConfigurationList section */
		9FD9832A1C49F9390041D953 /* Build configuration list for PBXProject "TGFaceVIew" */ = {
			isa = XCConfigurationList;
			buildConfigurations = (
				9FD9835A1C49F9390041D953 /* Debug */,
				9FD9835B1C49F9390041D953 /* Release */,
			);
			defaultConfigurationIsVisible = 0;
			defaultConfigurationName = Release;
		};
		9FD9835C1C49F9390041D953 /* Build configuration list for PBXNativeTarget "TGFaceVIew" */ = {
			isa = XCConfigurationList;
			buildConfigurations = (
				9FD9835D1C49F9390041D953 /* Debug */,
				9FD9835E1C49F9390041D953 /* Release */,
			);
			defaultConfigurationIsVisible = 0;
			defaultConfigurationName = Release;
		};
		9FD9835F1C49F9390041D953 /* Build configuration list for PBXNativeTarget "TGFaceVIewTests" */ = {
			isa = XCConfigurationList;
			buildConfigurations = (
				9FD983601C49F9390041D953 /* Debug */,
				9FD983611C49F9390041D953 /* Release */,
			);
			defaultConfigurationIsVisible = 0;
			defaultConfigurationName = Release;
		};
		9FD983621C49F9390041D953 /* Build configuration list for PBXNativeTarget "TGFaceVIewUITests" */ = {
			isa = XCConfigurationList;
			buildConfigurations = (
				9FD983631C49F9390041D953 /* Debug */,
				9FD983641C49F9390041D953 /* Release */,
			);
			defaultConfigurationIsVisible = 0;
			defaultConfigurationName = Release;
		};
/* End XCConfigurationList section */
	};
	rootObject = 9FD983271C49F9390041D953 /* Project object */;
}
